
Microsoft Visual Studio Solution File, Format Version 12.00
# Visual Studio 15
VisualStudioVersion = 15.0.28307.1267
MinimumVisualStudioVersion = 10.0.40219.1
Project("{FAE04EC0-301F-11D3-BF4B-00C04F79EFBC}") = "WpfApp", "WpfApp\WpfApp.csproj", "{B90F2438-7FE1-4128-A585-441C27D1F4B7}"
EndProject
Project("{FAE04EC0-301F-11D3-BF4B-00C04F79EFBC}") = "Models", "Models\Models.csproj", "{70F5DD56-1E15-403B-85C2-038970759308}"
EndProject
Project("{FAE04EC0-301F-11D3-BF4B-00C04F79EFBC}") = "ConsoleApp", "ConsoleApp\ConsoleApp.csproj", "{0B3743BB-D4FB-4430-854E-8C1440EBD435}"
EndProject
Project("{FAE04EC0-301F-11D3-BF4B-00C04F79EFBC}") = "DAL", "DAL\DAL.csproj", "{389C68D2-3F15-4D48-8FEC-7E412E8E0562}"
EndProject
Global
	GlobalSection(SolutionConfigurationPlatforms) = preSolution
		Debug|Any CPU = Debug|Any CPU
		Release|Any CPU = Release|Any CPU
	EndGlobalSection
	GlobalSection(ProjectConfigurationPlatforms) = postSolution
		{B90F2438-7FE1-4128-A585-441C27D1F4B7}.Debug|Any CPU.ActiveCfg = Debug|Any CPU
		{B90F2438-7FE1-4128-A585-441C27D1F4B7}.Debug|Any CPU.Build.0 = Debug|Any CPU
		{B90F2438-7FE1-4128-A585-441C27D1F4B7}.Release|Any CPU.ActiveCfg = Release|Any CPU
		{B90F2438-7FE1-4128-A585-441C27D1F4B7}.Release|Any CPU.Build.0 = Release|Any CPU
		{70F5DD56-1E15-403B-85C2-038970759308}.Debug|Any CPU.ActiveCfg = Debug|Any CPU
		{70F5DD56-1E15-403B-85C2-038970759308}.Debug|Any CPU.Build.0 = Debug|Any CPU
		{70F5DD56-1E15-403B-85C2-038970759308}.Release|Any CPU.ActiveCfg = Release|Any CPU
		{70F5DD56-1E15-403B-85C2-038970759308}.Release|Any CPU.Build.0 = Release|Any CPU
		{0B3743BB-D4FB-4430-854E-8C1440EBD435}.Debug|Any CPU.ActiveCfg = Debug|Any CPU
		{0B3743BB-D4FB-4430-854E-8C1440EBD435}.Debug|Any CPU.Build.0 = Debug|Any CPU
		{0B3743BB-D4FB-4430-854E-8C1440EBD435}.Release|Any CPU.ActiveCfg = Release|Any CPU
		{0B3743BB-D4FB-4430-854E-8C1440EBD435}.Release|Any CPU.Build.0 = Release|Any CPU
		{389C68D2-3F15-4D48-8FEC-7E412E8E0562}.Debug|Any CPU.ActiveCfg = Debug|Any CPU
		{389C68D2-3F15-4D48-8FEC-7E412E8E0562}.Debug|Any CPU.Build.0 = Debug|Any CPU
		{389C68D2-3F15-4D48-8FEC-7E412E8E0562}.Release|Any CPU.ActiveCfg = Release|Any CPU
		{389C68D2-3F15-4D48-8FEC-7E412E8E0562}.Release|Any CPU.Build.0 = Release|Any CPU
	EndGlobalSection
	GlobalSection(SolutionProperties) = preSolution
		HideSolutionNode = FALSE
	EndGlobalSection
	GlobalSection(ExtensibilityGlobals) = postSolution
		SolutionGuid = {58B98368-12F9-47E6-B982-D1BBF4A8E6CC}
	EndGlobalSection
EndGlobal
